
Microsoft Visual Studio Solution File, Format Version 12.00
# Visual Studio Version 17
VisualStudioVersion = 17.8.34525.116
MinimumVisualStudioVersion = 10.0.40219.1
Project("{9A19103F-16F7-4668-BE54-9A1E7A4F7556}") = "LaundryLoop.Api", "LaundryLoop.Api.csproj", "{A945C372-C443-4EB3-BC8A-3887B7F508A3}"
EndProject
Global
	GlobalSection(SolutionConfigurationPlatforms) = preSolution
		Debug|Any CPU = Debug|Any CPU
		Release|Any CPU = Release|Any CPU
	EndGlobalSection
	GlobalSection(ProjectConfigurationPlatforms) = postSolution
		{A945C372-C443-4EB3-BC8A-3887B7F508A3}.Debug|Any CPU.ActiveCfg = Debug|Any CPU
		{A945C372-C443-4EB3-BC8A-3887B7F508A3}.Debug|Any CPU.Build.0 = Debug|Any CPU
		{A945C372-C443-4EB3-BC8A-3887B7F508A3}.Release|Any CPU.ActiveCfg = Release|Any CPU
		{A945C372-C443-4EB3-BC8A-3887B7F508A3}.Release|Any CPU.Build.0 = Release|Any CPU
	EndGlobalSection
	GlobalSection(SolutionProperties) = preSolution
		HideSolutionNode = FALSE
	EndGlobalSection
	GlobalSection(ExtensibilityGlobals) = postSolution
		SolutionGuid = {E1914F4E-CC9B-4AA8-96D5-9D9790D05C75}
	EndGlobalSection
EndGlobal
